
Microsoft Visual Studio Solution File, Format Version 12.00
# Visual Studio 14
VisualStudioVersion = 14.0.25420.1
MinimumVisualStudioVersion = 10.0.40219.1
Project("{8BC9CEB8-8B4A-11D0-8D11-00A0C91BC942}") = "01_HelloWorld", "01_HelloWorld\01_HelloWorld.vcxproj", "{71316BFB-2C45-4741-9FEB-1ADE7325967A}"
EndProject
Project("{8BC9CEB8-8B4A-11D0-8D11-00A0C91BC942}") = "02_Variable", "02_Variable\02_Variable.vcxproj", "{B3B7BA6B-0B0F-4393-8632-F77561957AE1}"
EndProject
Project("{8BC9CEB8-8B4A-11D0-8D11-00A0C91BC942}") = "03_InputOutput", "03_InputOutput\03_InputOutput.vcxproj", "{B1BB819E-23B0-4DC8-9F50-F0892F3086F0}"
EndProject
Project("{8BC9CEB8-8B4A-11D0-8D11-00A0C91BC942}") = "04_Operator", "04_Operator\04_Operator.vcxproj", "{00F8A47C-7C84-4666-985F-F0D7FE86EF54}"
EndProject
Project("{8BC9CEB8-8B4A-11D0-8D11-00A0C91BC942}") = "05_Conditional", "05_Conditional\05_Conditional.vcxproj", "{4F52D84F-AB7E-4988-AF0D-3109643CBBB2}"
EndProject
Project("{8BC9CEB8-8B4A-11D0-8D11-00A0C91BC942}") = "06_Loop", "06_Loop\06_Loop.vcxproj", "{A7BA18C9-1E40-4DA6-B4CA-B7C7A2054656}"
EndProject
Global
	GlobalSection(SolutionConfigurationPlatforms) = preSolution
		Debug|x64 = Debug|x64
		Debug|x86 = Debug|x86
		Release|x64 = Release|x64
		Release|x86 = Release|x86
	EndGlobalSection
	GlobalSection(ProjectConfigurationPlatforms) = postSolution
		{71316BFB-2C45-4741-9FEB-1ADE7325967A}.Debug|x64.ActiveCfg = Debug|x64
		{71316BFB-2C45-4741-9FEB-1ADE7325967A}.Debug|x64.Build.0 = Debug|x64
		{71316BFB-2C45-4741-9FEB-1ADE7325967A}.Debug|x86.ActiveCfg = Debug|Win32
		{71316BFB-2C45-4741-9FEB-1ADE7325967A}.Debug|x86.Build.0 = Debug|Win32
		{71316BFB-2C45-4741-9FEB-1ADE7325967A}.Release|x64.ActiveCfg = Release|x64
		{71316BFB-2C45-4741-9FEB-1ADE7325967A}.Release|x64.Build.0 = Release|x64
		{71316BFB-2C45-4741-9FEB-1ADE7325967A}.Release|x86.ActiveCfg = Release|Win32
		{71316BFB-2C45-4741-9FEB-1ADE7325967A}.Release|x86.Build.0 = Release|Win32
		{B3B7BA6B-0B0F-4393-8632-F77561957AE1}.Debug|x64.ActiveCfg = Debug|x64
		{B3B7BA6B-0B0F-4393-8632-F77561957AE1}.Debug|x64.Build.0 = Debug|x64
		{B3B7BA6B-0B0F-4393-8632-F77561957AE1}.Debug|x86.ActiveCfg = Debug|Win32
		{B3B7BA6B-0B0F-4393-8632-F77561957AE1}.Debug|x86.Build.0 = Debug|Win32
		{B3B7BA6B-0B0F-4393-8632-F77561957AE1}.Release|x64.ActiveCfg = Release|x64
		{B3B7BA6B-0B0F-4393-8632-F77561957AE1}.Release|x64.Build.0 = Release|x64
		{B3B7BA6B-0B0F-4393-8632-F77561957AE1}.Release|x86.ActiveCfg = Release|Win32
		{B3B7BA6B-0B0F-4393-8632-F77561957AE1}.Release|x86.Build.0 = Release|Win32
		{B1BB819E-23B0-4DC8-9F50-F0892F3086F0}.Debug|x64.ActiveCfg = Debug|x64
		{B1BB819E-23B0-4DC8-9F50-F0892F3086F0}.Debug|x64.Build.0 = Debug|x64
		{B1BB819E-23B0-4DC8-9F50-F0892F3086F0}.Debug|x86.ActiveCfg = Debug|Win32
		{B1BB819E-23B0-4DC8-9F50-F0892F3086F0}.Debug|x86.Build.0 = Debug|Win32
		{B1BB819E-23B0-4DC8-9F50-F0892F3086F0}.Release|x64.ActiveCfg = Release|x64
		{B1BB819E-23B0-4DC8-9F50-F0892F3086F0}.Release|x64.Build.0 = Release|x64
		{B1BB819E-23B0-4DC8-9F50-F0892F3086F0}.Release|x86.ActiveCfg = Release|Win32
		{B1BB819E-23B0-4DC8-9F50-F0892F3086F0}.Release|x86.Build.0 = Release|Win32
		{00F8A47C-7C84-4666-985F-F0D7FE86EF54}.Debug|x64.ActiveCfg = Debug|x64
		{00F8A47C-7C84-4666-985F-F0D7FE86EF54}.Debug|x64.Build.0 = Debug|x64
		{00F8A47C-7C84-4666-985F-F0D7FE86EF54}.Debug|x86.ActiveCfg = Debug|Win32
		{00F8A47C-7C84-4666-985F-F0D7FE86EF54}.Debug|x86.Build.0 = Debug|Win32
		{00F8A47C-7C84-4666-985F-F0D7FE86EF54}.Release|x64.ActiveCfg = Release|x64
		{00F8A47C-7C84-4666-985F-F0D7FE86EF54}.Release|x64.Build.0 = Release|x64
		{00F8A47C-7C84-4666-985F-F0D7FE86EF54}.Release|x86.ActiveCfg = Release|Win32
		{00F8A47C-7C84-4666-985F-F0D7FE86EF54}.Release|x86.Build.0 = Release|Win32
		{4F52D84F-AB7E-4988-AF0D-3109643CBBB2}.Debug|x64.ActiveCfg = Debug|x64
		{4F52D84F-AB7E-4988-AF0D-3109643CBBB2}.Debug|x64.Build.0 = Debug|x64
		{4F52D84F-AB7E-4988-AF0D-3109643CBBB2}.Debug|x86.ActiveCfg = Debug|Win32
		{4F52D84F-AB7E-4988-AF0D-3109643CBBB2}.Debug|x86.Build.0 = Debug|Win32
		{4F52D84F-AB7E-4988-AF0D-3109643CBBB2}.Release|x64.ActiveCfg = Release|x64
		{4F52D84F-AB7E-4988-AF0D-3109643CBBB2}.Release|x64.Build.0 = Release|x64
		{4F52D84F-AB7E-4988-AF0D-3109643CBBB2}.Release|x86.ActiveCfg = Release|Win32
		{4F52D84F-AB7E-4988-AF0D-3109643CBBB2}.Release|x86.Build.0 = Release|Win32
		{A7BA18C9-1E40-4DA6-B4CA-B7C7A2054656}.Debug|x64.ActiveCfg = Debug|x64
		{A7BA18C9-1E40-4DA6-B4CA-B7C7A2054656}.Debug|x64.Build.0 = Debug|x64
		{A7BA18C9-1E40-4DA6-B4CA-B7C7A2054656}.Debug|x86.ActiveCfg = Debug|Win32
		{A7BA18C9-1E40-4DA6-B4CA-B7C7A2054656}.Debug|x86.Build.0 = Debug|Win32
		{A7BA18C9-1E40-4DA6-B4CA-B7C7A2054656}.Release|x64.ActiveCfg = Release|x64
		{A7BA18C9-1E40-4DA6-B4CA-B7C7A2054656}.Release|x64.Build.0 = Release|x64
		{A7BA18C9-1E40-4DA6-B4CA-B7C7A2054656}.Release|x86.ActiveCfg = Release|Win32
		{A7BA18C9-1E40-4DA6-B4CA-B7C7A2054656}.Release|x86.Build.0 = Release|Win32
	EndGlobalSection
	GlobalSection(SolutionProperties) = preSolution
		HideSolutionNode = FALSE
	EndGlobalSection
EndGlobal
